
Microsoft Visual Studio Solution File, Format Version 12.00
# Visual Studio 15
VisualStudioVersion = 15.0.28307.1758
MinimumVisualStudioVersion = 10.0.40219.1
Project("{FAE04EC0-301F-11D3-BF4B-00C04F79EFBC}") = "OOP_ukol3", "OOP_ukol3\OOP_ukol3.csproj", "{DB748067-2C8C-4A60-80C6-E1F5C64F18C8}"
EndProject
Global
	GlobalSection(SolutionConfigurationPlatforms) = preSolution
		Debug|Any CPU = Debug|Any CPU
		Release|Any CPU = Release|Any CPU
	EndGlobalSection
	GlobalSection(ProjectConfigurationPlatforms) = postSolution
		{DB748067-2C8C-4A60-80C6-E1F5C64F18C8}.Debug|Any CPU.ActiveCfg = Debug|Any CPU
		{DB748067-2C8C-4A60-80C6-E1F5C64F18C8}.Debug|Any CPU.Build.0 = Debug|Any CPU
		{DB748067-2C8C-4A60-80C6-E1F5C64F18C8}.Release|Any CPU.ActiveCfg = Release|Any CPU
		{DB748067-2C8C-4A60-80C6-E1F5C64F18C8}.Release|Any CPU.Build.0 = Release|Any CPU
	EndGlobalSection
	GlobalSection(SolutionProperties) = preSolution
		HideSolutionNode = FALSE
	EndGlobalSection
	GlobalSection(ExtensibilityGlobals) = postSolution
		SolutionGuid = {C75BDA9D-39AF-4A23-9378-E699D0689849}
	EndGlobalSection
EndGlobal
